
Microsoft Visual Studio Solution File, Format Version 12.00
# Visual Studio Version 17
VisualStudioVersion = 17.6.33723.286
MinimumVisualStudioVersion = 10.0.40219.1
Project("{8BC9CEB8-8B4A-11D0-8D11-00A0C91BC942}") = "IntroductinToOOP", "IntroductinToOOP\IntroductinToOOP.vcxproj", "{0E200567-5459-4730-BB90-C0F5F165E06B}"
EndProject
Project("{8BC9CEB8-8B4A-11D0-8D11-00A0C91BC942}") = "Fraction", "Fraction\Fraction.vcxproj", "{E358010F-C180-4445-AD61-5A6D3C790EF7}"
EndProject
Project("{8BC9CEB8-8B4A-11D0-8D11-00A0C91BC942}") = "String", "String\String.vcxproj", "{5CDC9C4C-CDC8-4EBC-BF16-ECA729B44E38}"
EndProject
Global
	GlobalSection(SolutionConfigurationPlatforms) = preSolution
		Debug|x64 = Debug|x64
		Debug|x86 = Debug|x86
		Release|x64 = Release|x64
		Release|x86 = Release|x86
	EndGlobalSection
	GlobalSection(ProjectConfigurationPlatforms) = postSolution
		{0E200567-5459-4730-BB90-C0F5F165E06B}.Debug|x64.ActiveCfg = Debug|x64
		{0E200567-5459-4730-BB90-C0F5F165E06B}.Debug|x64.Build.0 = Debug|x64
		{0E200567-5459-4730-BB90-C0F5F165E06B}.Debug|x86.ActiveCfg = Debug|Win32
		{0E200567-5459-4730-BB90-C0F5F165E06B}.Debug|x86.Build.0 = Debug|Win32
		{0E200567-5459-4730-BB90-C0F5F165E06B}.Release|x64.ActiveCfg = Release|x64
		{0E200567-5459-4730-BB90-C0F5F165E06B}.Release|x64.Build.0 = Release|x64
		{0E200567-5459-4730-BB90-C0F5F165E06B}.Release|x86.ActiveCfg = Release|Win32
		{0E200567-5459-4730-BB90-C0F5F165E06B}.Release|x86.Build.0 = Release|Win32
		{E358010F-C180-4445-AD61-5A6D3C790EF7}.Debug|x64.ActiveCfg = Debug|x64
		{E358010F-C180-4445-AD61-5A6D3C790EF7}.Debug|x64.Build.0 = Debug|x64
		{E358010F-C180-4445-AD61-5A6D3C790EF7}.Debug|x86.ActiveCfg = Debug|Win32
		{E358010F-C180-4445-AD61-5A6D3C790EF7}.Debug|x86.Build.0 = Debug|Win32
		{E358010F-C180-4445-AD61-5A6D3C790EF7}.Release|x64.ActiveCfg = Release|x64
		{E358010F-C180-4445-AD61-5A6D3C790EF7}.Release|x64.Build.0 = Release|x64
		{E358010F-C180-4445-AD61-5A6D3C790EF7}.Release|x86.ActiveCfg = Release|Win32
		{E358010F-C180-4445-AD61-5A6D3C790EF7}.Release|x86.Build.0 = Release|Win32
		{5CDC9C4C-CDC8-4EBC-BF16-ECA729B44E38}.Debug|x64.ActiveCfg = Debug|x64
		{5CDC9C4C-CDC8-4EBC-BF16-ECA729B44E38}.Debug|x64.Build.0 = Debug|x64
		{5CDC9C4C-CDC8-4EBC-BF16-ECA729B44E38}.Debug|x86.ActiveCfg = Debug|Win32
		{5CDC9C4C-CDC8-4EBC-BF16-ECA729B44E38}.Debug|x86.Build.0 = Debug|Win32
		{5CDC9C4C-CDC8-4EBC-BF16-ECA729B44E38}.Release|x64.ActiveCfg = Release|x64
		{5CDC9C4C-CDC8-4EBC-BF16-ECA729B44E38}.Release|x64.Build.0 = Release|x64
		{5CDC9C4C-CDC8-4EBC-BF16-ECA729B44E38}.Release|x86.ActiveCfg = Release|Win32
		{5CDC9C4C-CDC8-4EBC-BF16-ECA729B44E38}.Release|x86.Build.0 = Release|Win32
	EndGlobalSection
	GlobalSection(SolutionProperties) = preSolution
		HideSolutionNode = FALSE
	EndGlobalSection
	GlobalSection(ExtensibilityGlobals) = postSolution
		SolutionGuid = {7A931D70-05EA-4D89-816D-1BF2A749CCFF}
	EndGlobalSection
EndGlobal
